
Microsoft Visual Studio Solution File, Format Version 12.00
# Visual Studio Version 17
VisualStudioVersion = 17.5.33627.172
MinimumVisualStudioVersion = 10.0.40219.1
Project("{9A19103F-16F7-4668-BE54-9A1E7A4F7556}") = "MyApp", "MyApp\MyApp.csproj", "{389FF215-76B9-401C-B4A8-FB0DA350B9E3}"
EndProject
Project("{9A19103F-16F7-4668-BE54-9A1E7A4F7556}") = "MyApp.Models", "MyApp.Models\MyApp.Models.csproj", "{CC49FFD3-E6AE-467C-8FD1-F4D85A6131A4}"
EndProject
Project("{9A19103F-16F7-4668-BE54-9A1E7A4F7556}") = "MyApp.DataAccessLayer", "MyApp.DataAccessLayer\MyApp.DataAccessLayer.csproj", "{35FC2CD4-F592-4BDA-BB5D-582524DD7149}"
EndProject
Project("{FAE04EC0-301F-11D3-BF4B-00C04F79EFBC}") = "MyAppCommonHelper", "MyAppCommonHelper\MyAppCommonHelper.csproj", "{F91FA924-2FBA-46E5-963D-F41D532C9B82}"
EndProject
Global
	GlobalSection(SolutionConfigurationPlatforms) = preSolution
		Debug|Any CPU = Debug|Any CPU
		Release|Any CPU = Release|Any CPU
	EndGlobalSection
	GlobalSection(ProjectConfigurationPlatforms) = postSolution
		{389FF215-76B9-401C-B4A8-FB0DA350B9E3}.Debug|Any CPU.ActiveCfg = Debug|Any CPU
		{389FF215-76B9-401C-B4A8-FB0DA350B9E3}.Debug|Any CPU.Build.0 = Debug|Any CPU
		{389FF215-76B9-401C-B4A8-FB0DA350B9E3}.Release|Any CPU.ActiveCfg = Release|Any CPU
		{389FF215-76B9-401C-B4A8-FB0DA350B9E3}.Release|Any CPU.Build.0 = Release|Any CPU
		{CC49FFD3-E6AE-467C-8FD1-F4D85A6131A4}.Debug|Any CPU.ActiveCfg = Debug|Any CPU
		{CC49FFD3-E6AE-467C-8FD1-F4D85A6131A4}.Debug|Any CPU.Build.0 = Debug|Any CPU
		{CC49FFD3-E6AE-467C-8FD1-F4D85A6131A4}.Release|Any CPU.ActiveCfg = Release|Any CPU
		{CC49FFD3-E6AE-467C-8FD1-F4D85A6131A4}.Release|Any CPU.Build.0 = Release|Any CPU
		{35FC2CD4-F592-4BDA-BB5D-582524DD7149}.Debug|Any CPU.ActiveCfg = Debug|Any CPU
		{35FC2CD4-F592-4BDA-BB5D-582524DD7149}.Debug|Any CPU.Build.0 = Debug|Any CPU
		{35FC2CD4-F592-4BDA-BB5D-582524DD7149}.Release|Any CPU.ActiveCfg = Release|Any CPU
		{35FC2CD4-F592-4BDA-BB5D-582524DD7149}.Release|Any CPU.Build.0 = Release|Any CPU
		{F91FA924-2FBA-46E5-963D-F41D532C9B82}.Debug|Any CPU.ActiveCfg = Debug|Any CPU
		{F91FA924-2FBA-46E5-963D-F41D532C9B82}.Debug|Any CPU.Build.0 = Debug|Any CPU
		{F91FA924-2FBA-46E5-963D-F41D532C9B82}.Release|Any CPU.ActiveCfg = Release|Any CPU
		{F91FA924-2FBA-46E5-963D-F41D532C9B82}.Release|Any CPU.Build.0 = Release|Any CPU
	EndGlobalSection
	GlobalSection(SolutionProperties) = preSolution
		HideSolutionNode = FALSE
	EndGlobalSection
	GlobalSection(ExtensibilityGlobals) = postSolution
		SolutionGuid = {D3C985DF-6CC6-4F19-A35D-9BC0714EC882}
	EndGlobalSection
EndGlobal
